
Microsoft Visual Studio Solution File, Format Version 12.00
# Visual Studio Version 16
VisualStudioVersion = 16.0.32106.194
MinimumVisualStudioVersion = 10.0.40219.1
Project("{9A19103F-16F7-4668-BE54-9A1E7A4F7556}") = "OOPAndFiles", "OOPAndFiles\OOPAndFiles.csproj", "{E4C6D41D-FF27-4621-8A3F-493B692C2F29}"
EndProject
Project("{2150E333-8FDC-42A3-9474-1A3956D46DE8}") = "Solution Items", "Solution Items", "{57ECB702-4848-430F-BB82-D0119C0A05EC}"
EndProject
Project("{FAE04EC0-301F-11D3-BF4B-00C04F79EFBC}") = "Frozen", "Frozen\Frozen.csproj", "{0C18DA32-442A-4A39-946B-944A8318D21C}"
EndProject
Global
	GlobalSection(SolutionConfigurationPlatforms) = preSolution
		Debug|Any CPU = Debug|Any CPU
		Release|Any CPU = Release|Any CPU
	EndGlobalSection
	GlobalSection(ProjectConfigurationPlatforms) = postSolution
		{E4C6D41D-FF27-4621-8A3F-493B692C2F29}.Debug|Any CPU.ActiveCfg = Debug|Any CPU
		{E4C6D41D-FF27-4621-8A3F-493B692C2F29}.Debug|Any CPU.Build.0 = Debug|Any CPU
		{E4C6D41D-FF27-4621-8A3F-493B692C2F29}.Release|Any CPU.ActiveCfg = Release|Any CPU
		{E4C6D41D-FF27-4621-8A3F-493B692C2F29}.Release|Any CPU.Build.0 = Release|Any CPU
		{0C18DA32-442A-4A39-946B-944A8318D21C}.Debug|Any CPU.ActiveCfg = Debug|Any CPU
		{0C18DA32-442A-4A39-946B-944A8318D21C}.Debug|Any CPU.Build.0 = Debug|Any CPU
		{0C18DA32-442A-4A39-946B-944A8318D21C}.Release|Any CPU.ActiveCfg = Release|Any CPU
		{0C18DA32-442A-4A39-946B-944A8318D21C}.Release|Any CPU.Build.0 = Release|Any CPU
	EndGlobalSection
	GlobalSection(SolutionProperties) = preSolution
		HideSolutionNode = FALSE
	EndGlobalSection
	GlobalSection(ExtensibilityGlobals) = postSolution
		SolutionGuid = {A4CF0D77-DE5D-4D2F-9FD0-105483652D71}
	EndGlobalSection
EndGlobal
